
Microsoft Visual Studio Solution File, Format Version 12.00
Project("{FAE04EC0-301F-11D3-BF4B-00C04F79EFBC}") = "Dashdoc.API.Server", "Dashdoc.API.Server.csproj", "{8A3CB62F-9DC9-4C49-BCB3-4E291C1A8F49}"
EndProject
Project("{FAE04EC0-301F-11D3-BF4B-00C04F79EFBC}") = "Dashdoc.API.Domain", "Dashdoc.API.Domain\Dashdoc.API.Domain.csproj", "{B915EA6A-3550-4332-9B2F-FAF54BD1913B}"
EndProject
Project("{FAE04EC0-301F-11D3-BF4B-00C04F79EFBC}") = "Dashdoc.API.Infrastructure", "Dashdoc.API.Infrastructure\Dashdoc.API.Infrastructure.csproj", "{C0499102-491B-4EDC-A758-7B6E7ADD1824}"
EndProject
Project("{2150E333-8FDC-42A3-9474-1A3956D46DE8}") = "Tests", "Tests", "{4F189E6A-4087-4109-B889-E3B43414B7C5}"
EndProject
Project("{FAE04EC0-301F-11D3-BF4B-00C04F79EFBC}") = "Dashdoc.API.Server.Tests", "Dashdoc.API.Server.Tests\Dashdoc.API.Server.Tests.csproj", "{47532115-FEEA-4D79-8835-664D46F4A9B2}"
EndProject
Project("{FAE04EC0-301F-11D3-BF4B-00C04F79EFBC}") = "Dashdoc.API.Domain.Tests", "Dashdoc.API.Domain.Tests\Dashdoc.API.Domain.Tests.csproj", "{A8C27296-4B65-4835-AB6E-4B9ABBF38B26}"
EndProject
Project("{FAE04EC0-301F-11D3-BF4B-00C04F79EFBC}") = "Dashdoc.API.Insfrastructure.Tests", "Dashdoc.API.Insfrastructure.Tests\Dashdoc.API.Insfrastructure.Tests.csproj", "{A6CE631E-61F6-441D-AF19-5CB2B11AE352}"
EndProject
Global
	GlobalSection(SolutionConfigurationPlatforms) = preSolution
		Debug|Any CPU = Debug|Any CPU
		Release|Any CPU = Release|Any CPU
	EndGlobalSection
	GlobalSection(ProjectConfigurationPlatforms) = postSolution
		{8A3CB62F-9DC9-4C49-BCB3-4E291C1A8F49}.Debug|Any CPU.ActiveCfg = Debug|Any CPU
		{8A3CB62F-9DC9-4C49-BCB3-4E291C1A8F49}.Debug|Any CPU.Build.0 = Debug|Any CPU
		{8A3CB62F-9DC9-4C49-BCB3-4E291C1A8F49}.Release|Any CPU.ActiveCfg = Release|Any CPU
		{8A3CB62F-9DC9-4C49-BCB3-4E291C1A8F49}.Release|Any CPU.Build.0 = Release|Any CPU
		{B915EA6A-3550-4332-9B2F-FAF54BD1913B}.Debug|Any CPU.ActiveCfg = Debug|Any CPU
		{B915EA6A-3550-4332-9B2F-FAF54BD1913B}.Debug|Any CPU.Build.0 = Debug|Any CPU
		{B915EA6A-3550-4332-9B2F-FAF54BD1913B}.Release|Any CPU.ActiveCfg = Release|Any CPU
		{B915EA6A-3550-4332-9B2F-FAF54BD1913B}.Release|Any CPU.Build.0 = Release|Any CPU
		{C0499102-491B-4EDC-A758-7B6E7ADD1824}.Debug|Any CPU.ActiveCfg = Debug|Any CPU
		{C0499102-491B-4EDC-A758-7B6E7ADD1824}.Debug|Any CPU.Build.0 = Debug|Any CPU
		{C0499102-491B-4EDC-A758-7B6E7ADD1824}.Release|Any CPU.ActiveCfg = Release|Any CPU
		{C0499102-491B-4EDC-A758-7B6E7ADD1824}.Release|Any CPU.Build.0 = Release|Any CPU
		{47532115-FEEA-4D79-8835-664D46F4A9B2}.Debug|Any CPU.ActiveCfg = Debug|Any CPU
		{47532115-FEEA-4D79-8835-664D46F4A9B2}.Debug|Any CPU.Build.0 = Debug|Any CPU
		{47532115-FEEA-4D79-8835-664D46F4A9B2}.Release|Any CPU.ActiveCfg = Release|Any CPU
		{47532115-FEEA-4D79-8835-664D46F4A9B2}.Release|Any CPU.Build.0 = Release|Any CPU
		{A8C27296-4B65-4835-AB6E-4B9ABBF38B26}.Debug|Any CPU.ActiveCfg = Debug|Any CPU
		{A8C27296-4B65-4835-AB6E-4B9ABBF38B26}.Debug|Any CPU.Build.0 = Debug|Any CPU
		{A8C27296-4B65-4835-AB6E-4B9ABBF38B26}.Release|Any CPU.ActiveCfg = Release|Any CPU
		{A8C27296-4B65-4835-AB6E-4B9ABBF38B26}.Release|Any CPU.Build.0 = Release|Any CPU
		{A6CE631E-61F6-441D-AF19-5CB2B11AE352}.Debug|Any CPU.ActiveCfg = Debug|Any CPU
		{A6CE631E-61F6-441D-AF19-5CB2B11AE352}.Debug|Any CPU.Build.0 = Debug|Any CPU
		{A6CE631E-61F6-441D-AF19-5CB2B11AE352}.Release|Any CPU.ActiveCfg = Release|Any CPU
		{A6CE631E-61F6-441D-AF19-5CB2B11AE352}.Release|Any CPU.Build.0 = Release|Any CPU
	EndGlobalSection
	GlobalSection(NestedProjects) = preSolution
		{47532115-FEEA-4D79-8835-664D46F4A9B2} = {4F189E6A-4087-4109-B889-E3B43414B7C5}
		{A8C27296-4B65-4835-AB6E-4B9ABBF38B26} = {4F189E6A-4087-4109-B889-E3B43414B7C5}
		{A6CE631E-61F6-441D-AF19-5CB2B11AE352} = {4F189E6A-4087-4109-B889-E3B43414B7C5}
	EndGlobalSection
EndGlobal
